
Microsoft Visual Studio Solution File, Format Version 12.00
# Visual Studio Version 16
VisualStudioVersion = 16.0.30611.23
MinimumVisualStudioVersion = 15.0.26124.0
Project("{2150E333-8FDC-42A3-9474-1A3956D46DE8}") = "domain", "domain", "{66BFCCD3-A9DC-428A-8C03-DCB51C099682}"
EndProject
Project("{9A19103F-16F7-4668-BE54-9A1E7A4F7556}") = "Store", "domain\Store\Store.csproj", "{07C0664D-1FB5-4580-803D-5AD396B77E73}"
EndProject
Project("{2150E333-8FDC-42A3-9474-1A3956D46DE8}") = "infastructure", "infastructure", "{1A3B3570-07C8-4070-9A5D-938E2266FC7F}"
EndProject
Project("{FAE04EC0-301F-11D3-BF4B-00C04F79EFBC}") = "Store.Memory", "infastructure\Store.Memory\Store.Memory.csproj", "{A8532C0F-F1B0-40F2-A9AD-C7E27CFD221C}"
EndProject
Global
	GlobalSection(SolutionConfigurationPlatforms) = preSolution
		Debug|Any CPU = Debug|Any CPU
		Debug|x64 = Debug|x64
		Debug|x86 = Debug|x86
		Release|Any CPU = Release|Any CPU
		Release|x64 = Release|x64
		Release|x86 = Release|x86
	EndGlobalSection
	GlobalSection(ProjectConfigurationPlatforms) = postSolution
		{07C0664D-1FB5-4580-803D-5AD396B77E73}.Debug|Any CPU.ActiveCfg = Debug|Any CPU
		{07C0664D-1FB5-4580-803D-5AD396B77E73}.Debug|Any CPU.Build.0 = Debug|Any CPU
		{07C0664D-1FB5-4580-803D-5AD396B77E73}.Debug|x64.ActiveCfg = Debug|Any CPU
		{07C0664D-1FB5-4580-803D-5AD396B77E73}.Debug|x64.Build.0 = Debug|Any CPU
		{07C0664D-1FB5-4580-803D-5AD396B77E73}.Debug|x86.ActiveCfg = Debug|Any CPU
		{07C0664D-1FB5-4580-803D-5AD396B77E73}.Debug|x86.Build.0 = Debug|Any CPU
		{07C0664D-1FB5-4580-803D-5AD396B77E73}.Release|Any CPU.ActiveCfg = Release|Any CPU
		{07C0664D-1FB5-4580-803D-5AD396B77E73}.Release|Any CPU.Build.0 = Release|Any CPU
		{07C0664D-1FB5-4580-803D-5AD396B77E73}.Release|x64.ActiveCfg = Release|Any CPU
		{07C0664D-1FB5-4580-803D-5AD396B77E73}.Release|x64.Build.0 = Release|Any CPU
		{07C0664D-1FB5-4580-803D-5AD396B77E73}.Release|x86.ActiveCfg = Release|Any CPU
		{07C0664D-1FB5-4580-803D-5AD396B77E73}.Release|x86.Build.0 = Release|Any CPU
		{A8532C0F-F1B0-40F2-A9AD-C7E27CFD221C}.Debug|Any CPU.ActiveCfg = Debug|Any CPU
		{A8532C0F-F1B0-40F2-A9AD-C7E27CFD221C}.Debug|Any CPU.Build.0 = Debug|Any CPU
		{A8532C0F-F1B0-40F2-A9AD-C7E27CFD221C}.Debug|x64.ActiveCfg = Debug|Any CPU
		{A8532C0F-F1B0-40F2-A9AD-C7E27CFD221C}.Debug|x64.Build.0 = Debug|Any CPU
		{A8532C0F-F1B0-40F2-A9AD-C7E27CFD221C}.Debug|x86.ActiveCfg = Debug|Any CPU
		{A8532C0F-F1B0-40F2-A9AD-C7E27CFD221C}.Debug|x86.Build.0 = Debug|Any CPU
		{A8532C0F-F1B0-40F2-A9AD-C7E27CFD221C}.Release|Any CPU.ActiveCfg = Release|Any CPU
		{A8532C0F-F1B0-40F2-A9AD-C7E27CFD221C}.Release|Any CPU.Build.0 = Release|Any CPU
		{A8532C0F-F1B0-40F2-A9AD-C7E27CFD221C}.Release|x64.ActiveCfg = Release|Any CPU
		{A8532C0F-F1B0-40F2-A9AD-C7E27CFD221C}.Release|x64.Build.0 = Release|Any CPU
		{A8532C0F-F1B0-40F2-A9AD-C7E27CFD221C}.Release|x86.ActiveCfg = Release|Any CPU
		{A8532C0F-F1B0-40F2-A9AD-C7E27CFD221C}.Release|x86.Build.0 = Release|Any CPU
	EndGlobalSection
	GlobalSection(SolutionProperties) = preSolution
		HideSolutionNode = FALSE
	EndGlobalSection
	GlobalSection(NestedProjects) = preSolution
		{07C0664D-1FB5-4580-803D-5AD396B77E73} = {66BFCCD3-A9DC-428A-8C03-DCB51C099682}
		{A8532C0F-F1B0-40F2-A9AD-C7E27CFD221C} = {1A3B3570-07C8-4070-9A5D-938E2266FC7F}
	EndGlobalSection
	GlobalSection(ExtensibilityGlobals) = postSolution
		SolutionGuid = {3B209788-49A8-4405-86DA-1ECC0406754D}
	EndGlobalSection
EndGlobal
